
Microsoft Visual Studio Solution File, Format Version 12.00
# Visual Studio Version 16
VisualStudioVersion = 16.0.30011.22
MinimumVisualStudioVersion = 10.0.40219.1
Project("{FAE04EC0-301F-11D3-BF4B-00C04F79EFBC}") = "ILT", "ILT.csproj", "{06AA4502-8572-4972-8BEE-905D08999CC5}"
EndProject
Global
	GlobalSection(SolutionConfigurationPlatforms) = preSolution
		Debug|Any CPU = Debug|Any CPU
		Release|Any CPU = Release|Any CPU
	EndGlobalSection
	GlobalSection(ProjectConfigurationPlatforms) = postSolution
		{06AA4502-8572-4972-8BEE-905D08999CC5}.Debug|Any CPU.ActiveCfg = Debug|Any CPU
		{06AA4502-8572-4972-8BEE-905D08999CC5}.Debug|Any CPU.Build.0 = Debug|Any CPU
		{06AA4502-8572-4972-8BEE-905D08999CC5}.Release|Any CPU.ActiveCfg = Release|Any CPU
		{06AA4502-8572-4972-8BEE-905D08999CC5}.Release|Any CPU.Build.0 = Release|Any CPU
	EndGlobalSection
	GlobalSection(SolutionProperties) = preSolution
		HideSolutionNode = FALSE
	EndGlobalSection
	GlobalSection(ExtensibilityGlobals) = postSolution
		SolutionGuid = {66EC688B-B50A-40FD-8F28-03F6E0BF3E5E}
	EndGlobalSection
EndGlobal
